
Microsoft Visual Studio Solution File, Format Version 12.00
Project("{FAE04EC0-301F-11D3-BF4B-00C04F79EFBC}") = "BYT3test_task1", "BYT3test_task1\BYT3test_task1.csproj", "{AD11FE7F-AC1F-483A-AD3F-1C73F0BF87BD}"
	ProjectSection(ProjectDependencies) = postProject
		{38B5645D-9623-4B17-A413-CE3AA86CD4A1} = {38B5645D-9623-4B17-A413-CE3AA86CD4A1}
	EndProjectSection
EndProject
Project("{FAE04EC0-301F-11D3-BF4B-00C04F79EFBC}") = "BYT3_task2", "BYT3_task2\BYT3_task2.csproj", "{38B5645D-9623-4B17-A413-CE3AA86CD4A1}"
EndProject
Project("{FAE04EC0-301F-11D3-BF4B-00C04F79EFBC}") = "BYT3test_task2", "BYT3test_task2\BYT3test_task2.csproj", "{CB9062F5-D5F0-42C5-9D6A-0DE2CF45FF61}"
	ProjectSection(ProjectDependencies) = postProject
		{38B5645D-9623-4B17-A413-CE3AA86CD4A1} = {38B5645D-9623-4B17-A413-CE3AA86CD4A1}
	EndProjectSection
EndProject
Global
	GlobalSection(SolutionConfigurationPlatforms) = preSolution
		Debug|Any CPU = Debug|Any CPU
		Release|Any CPU = Release|Any CPU
	EndGlobalSection
	GlobalSection(ProjectConfigurationPlatforms) = postSolution
		{AD11FE7F-AC1F-483A-AD3F-1C73F0BF87BD}.Debug|Any CPU.ActiveCfg = Debug|Any CPU
		{AD11FE7F-AC1F-483A-AD3F-1C73F0BF87BD}.Debug|Any CPU.Build.0 = Debug|Any CPU
		{AD11FE7F-AC1F-483A-AD3F-1C73F0BF87BD}.Release|Any CPU.ActiveCfg = Release|Any CPU
		{AD11FE7F-AC1F-483A-AD3F-1C73F0BF87BD}.Release|Any CPU.Build.0 = Release|Any CPU
		{38B5645D-9623-4B17-A413-CE3AA86CD4A1}.Debug|Any CPU.ActiveCfg = Debug|Any CPU
		{38B5645D-9623-4B17-A413-CE3AA86CD4A1}.Debug|Any CPU.Build.0 = Debug|Any CPU
		{38B5645D-9623-4B17-A413-CE3AA86CD4A1}.Release|Any CPU.ActiveCfg = Release|Any CPU
		{38B5645D-9623-4B17-A413-CE3AA86CD4A1}.Release|Any CPU.Build.0 = Release|Any CPU
		{CB9062F5-D5F0-42C5-9D6A-0DE2CF45FF61}.Debug|Any CPU.ActiveCfg = Debug|Any CPU
		{CB9062F5-D5F0-42C5-9D6A-0DE2CF45FF61}.Debug|Any CPU.Build.0 = Debug|Any CPU
		{CB9062F5-D5F0-42C5-9D6A-0DE2CF45FF61}.Release|Any CPU.ActiveCfg = Release|Any CPU
		{CB9062F5-D5F0-42C5-9D6A-0DE2CF45FF61}.Release|Any CPU.Build.0 = Release|Any CPU
	EndGlobalSection
EndGlobal
